# THIS IS AN AUTOGENERATED FILE. DO NOT EDIT THIS FILE DIRECTLY.
# yarn lockfile v1


"@polymer/font-roboto@^3.0.0-pre.10":
  version "3.0.0-pre.10"
  resolved "https://registry.yarnpkg.com/@polymer/font-roboto/-/font-roboto-3.0.0-pre.10.tgz#24489cac9a556d4b5d119749ff48a703350cabc2"

"@polymer/iron-a11y-announcer@^3.0.0-pre.10":
  version "3.0.0-pre.10"
  resolved "https://registry.yarnpkg.com/@polymer/iron-a11y-announcer/-/iron-a11y-announcer-3.0.0-pre.10.tgz#c62d6177fbcb557d48546d0c6cec901168f1b0e3"
  dependencies:
    "@polymer/polymer" "^3.0.0-pre.10"

"@polymer/iron-a11y-keys-behavior@^3.0.0-pre.10":
  version "3.0.0-pre.10"
  resolved "https://registry.yarnpkg.com/@polymer/iron-a11y-keys-behavior/-/iron-a11y-keys-behavior-3.0.0-pre.10.tgz#87c861f04a77650c3748164d97141ca71f303d67"
  dependencies:
    "@polymer/polymer" "^3.0.0-pre.10"

"@polymer/iron-autogrow-textarea@^3.0.0-pre.10":
  version "3.0.0-pre.10"
  resolved "https://registry.yarnpkg.com/@polymer/iron-autogrow-textarea/-/iron-autogrow-textarea-3.0.0-pre.10.tgz#cccfc2aa944ff350a05c5e0ef433b52c37b3440f"
  dependencies:
    "@polymer/iron-behaviors" "^3.0.0-pre.10"
    "@polymer/iron-flex-layout" "^3.0.0-pre.10"
    "@polymer/iron-validatable-behavior" "^3.0.0-pre.10"
    "@polymer/polymer" "^3.0.0-pre.10"

"@polymer/iron-behaviors@^3.0.0-pre.10":
  version "3.0.0-pre.10"
  resolved "https://registry.yarnpkg.com/@polymer/iron-behaviors/-/iron-behaviors-3.0.0-pre.10.tgz#cca3ce8d9b6292b26595264c2bdb2e88a5c3cbf1"
  dependencies:
    "@polymer/iron-a11y-keys-behavior" "^3.0.0-pre.10"
    "@polymer/polymer" "^3.0.0-pre.10"

"@polymer/iron-checked-element-behavior@^3.0.0-pre.10":
  version "3.0.0-pre.10"
  resolved "https://registry.yarnpkg.com/@polymer/iron-checked-element-behavior/-/iron-checked-element-behavior-3.0.0-pre.10.tgz#3f30707e9fed1c88ac9f9d6b2787f73eb35fc8a5"
  dependencies:
    "@polymer/iron-form-element-behavior" "^3.0.0-pre.10"
    "@polymer/iron-validatable-behavior" "^3.0.0-pre.10"
    "@polymer/polymer" "^3.0.0-pre.10"

"@polymer/iron-demo-helpers@^3.0.0-pre.10":
  version "3.0.0-pre.10"
  resolved "https://registry.yarnpkg.com/@polymer/iron-demo-helpers/-/iron-demo-helpers-3.0.0-pre.10.tgz#9801dd7b5ca7c0e9dbbc9571f8fa36360cc4e9b2"
  dependencies:
    "@polymer/font-roboto" "^3.0.0-pre.10"
    "@polymer/iron-flex-layout" "^3.0.0-pre.10"
    "@polymer/iron-location" "^3.0.0-pre.10"
    "@polymer/marked-element" "^3.0.0-pre.10"
    "@polymer/polymer" "^3.0.0-pre.10"
    "@polymer/prism-element" "^3.0.0-pre.10"

"@polymer/iron-flex-layout@^3.0.0-pre.10":
  version "3.0.0-pre.10"
  resolved "https://registry.yarnpkg.com/@polymer/iron-flex-layout/-/iron-flex-layout-3.0.0-pre.10.tgz#3436278e5ba65d423e3bdb1a7682e1611709c23f"
  dependencies:
    "@polymer/polymer" "^3.0.0-pre.10"

"@polymer/iron-form-element-behavior@^3.0.0-pre.10":
  version "3.0.0-pre.10"
  resolved "https://registry.yarnpkg.com/@polymer/iron-form-element-behavior/-/iron-form-element-behavior-3.0.0-pre.10.tgz#6e42f21128e8375b82613f30c592f299704639bc"
  dependencies:
    "@polymer/polymer" "^3.0.0-pre.10"

"@polymer/iron-input@^3.0.0-pre.10":
  version "3.0.0-pre.10"
  resolved "https://registry.yarnpkg.com/@polymer/iron-input/-/iron-input-3.0.0-pre.10.tgz#8b74068d7cdc02c486e24f6ded1faf243a1eba98"
  dependencies:
    "@polymer/iron-a11y-announcer" "^3.0.0-pre.10"
    "@polymer/iron-validatable-behavior" "^3.0.0-pre.10"
    "@polymer/polymer" "^3.0.0-pre.10"

"@polymer/iron-location@^3.0.0-pre.10":
  version "3.0.0-pre.10"
  resolved "https://registry.yarnpkg.com/@polymer/iron-location/-/iron-location-3.0.0-pre.10.tgz#96592e301f682a17c66d5a8382141e775216d4af"
  dependencies:
    "@polymer/polymer" "^3.0.0-pre.10"

"@polymer/iron-meta@^3.0.0-pre.10":
  version "3.0.0-pre.10"
  resolved "https://registry.yarnpkg.com/@polymer/iron-meta/-/iron-meta-3.0.0-pre.10.tgz#84bd9216726673b8d7b4617633e8be3f8cacea89"
  dependencies:
    "@polymer/polymer" "^3.0.0-pre.10"

"@polymer/iron-validatable-behavior@^3.0.0-pre.10":
  version "3.0.0-pre.10"
  resolved "https://registry.yarnpkg.com/@polymer/iron-validatable-behavior/-/iron-validatable-behavior-3.0.0-pre.10.tgz#f453e4f4070d749b1838ec9283f0ac3e053f29b5"
  dependencies:
    "@polymer/iron-meta" "^3.0.0-pre.10"
    "@polymer/polymer" "^3.0.0-pre.10"

"@polymer/marked-element@^3.0.0-pre.10":
  version "3.0.0-pre.10"
  resolved "https://registry.yarnpkg.com/@polymer/marked-element/-/marked-element-3.0.0-pre.10.tgz#48a4a1b2bb5d32813f92eae277b2523c440a2d63"
  dependencies:
    "@polymer/polymer" "^3.0.0-pre.10"
    marked "~0.3.9"

"@polymer/paper-behaviors@^3.0.0-pre.10":
  version "3.0.0-pre.10"
  resolved "https://registry.yarnpkg.com/@polymer/paper-behaviors/-/paper-behaviors-3.0.0-pre.10.tgz#f725cadeef2058fcbaaa25cec7d969813a6f3e3f"
  dependencies:
    "@polymer/iron-behaviors" "^3.0.0-pre.10"
    "@polymer/iron-checked-element-behavior" "^3.0.0-pre.10"
    "@polymer/paper-ripple" "^3.0.0-pre.10"
    "@polymer/polymer" "^3.0.0-pre.10"

"@polymer/paper-button@^3.0.0-pre.1":
  version "3.0.0-pre.10"
  resolved "https://registry.yarnpkg.com/@polymer/paper-button/-/paper-button-3.0.0-pre.10.tgz#7a34769ecfb848248355354e3693f5c4fce90b00"
  dependencies:
    "@polymer/iron-flex-layout" "^3.0.0-pre.10"
    "@polymer/paper-behaviors" "^3.0.0-pre.10"
    "@polymer/paper-styles" "^3.0.0-pre.10"
    "@polymer/polymer" "^3.0.0-pre.10"

"@polymer/paper-checkbox@^3.0.0-pre.1":
  version "3.0.0-pre.10"
  resolved "https://registry.yarnpkg.com/@polymer/paper-checkbox/-/paper-checkbox-3.0.0-pre.10.tgz#b1828dce90b3855b0692c1c7410353307b0c10d6"
  dependencies:
    "@polymer/iron-a11y-keys-behavior" "^3.0.0-pre.10"
    "@polymer/iron-checked-element-behavior" "^3.0.0-pre.10"
    "@polymer/paper-behaviors" "^3.0.0-pre.10"
    "@polymer/paper-ripple" "^3.0.0-pre.10"
    "@polymer/paper-styles" "^3.0.0-pre.10"
    "@polymer/polymer" "^3.0.0-pre.10"

"@polymer/paper-input@^3.0.0-pre.1":
  version "3.0.0-pre.10"
  resolved "https://registry.yarnpkg.com/@polymer/paper-input/-/paper-input-3.0.0-pre.10.tgz#85db9725880ff88560a7fba7e4207502e19e4aaf"
  dependencies:
    "@polymer/iron-a11y-keys-behavior" "^3.0.0-pre.10"
    "@polymer/iron-autogrow-textarea" "^3.0.0-pre.10"
    "@polymer/iron-behaviors" "^3.0.0-pre.10"
    "@polymer/iron-form-element-behavior" "^3.0.0-pre.10"
    "@polymer/iron-input" "^3.0.0-pre.10"
    "@polymer/paper-styles" "^3.0.0-pre.10"
    "@polymer/polymer" "^3.0.0-pre.10"

"@polymer/paper-ripple@^3.0.0-pre.10":
  version "3.0.0-pre.10"
  resolved "https://registry.yarnpkg.com/@polymer/paper-ripple/-/paper-ripple-3.0.0-pre.10.tgz#b591d4f813799c88fa4d1fb60bafb89bb71e2115"
  dependencies:
    "@polymer/iron-a11y-keys-behavior" "^3.0.0-pre.10"
    "@polymer/polymer" "^3.0.0-pre.10"

"@polymer/paper-styles@^3.0.0-pre.10":
  version "3.0.0-pre.10"
  resolved "https://registry.yarnpkg.com/@polymer/paper-styles/-/paper-styles-3.0.0-pre.10.tgz#f2e0af7b7a098b32bdb2bafa4368867a1b5daf03"
  dependencies:
    "@polymer/font-roboto" "^3.0.0-pre.10"
    "@polymer/iron-flex-layout" "^3.0.0-pre.10"
    "@polymer/polymer" "^3.0.0-pre.10"

"@polymer/polymer@^3.0.0-pre.1", "@polymer/polymer@^3.0.0-pre.10":
  version "3.0.0-pre.10"
  resolved "https://registry.yarnpkg.com/@polymer/polymer/-/polymer-3.0.0-pre.10.tgz#ffecc8cfac05546467b8913c73b7a9caf2a990c2"
  dependencies:
    "@webcomponents/shadycss" "^1.0.0"
    "@webcomponents/webcomponentsjs" "^1.0.0"

"@polymer/prism-element@^3.0.0-pre.10":
  version "3.0.0-pre.10"
  resolved "https://registry.yarnpkg.com/@polymer/prism-element/-/prism-element-3.0.0-pre.10.tgz#aa7a58c1672f02919cf513e168536ff3e9a8ffef"
  dependencies:
    "@polymer/polymer" "^3.0.0-pre.10"
    prismjs "^1.11.0"

"@webcomponents/shadycss@^1.0.0":
  version "1.1.1"
  resolved "https://registry.yarnpkg.com/@webcomponents/shadycss/-/shadycss-1.1.1.tgz#abc821961c99a2b1c5e0f225cd01b139899ebc4c"

"@webcomponents/webcomponentsjs@^1.0.0":
  version "1.1.0"
  resolved "https://registry.yarnpkg.com/@webcomponents/webcomponentsjs/-/webcomponentsjs-1.1.0.tgz#1392799c266fca142622a720176f688beb74d181"

clipboard@^1.7.1:
  version "1.7.1"
  resolved "https://registry.yarnpkg.com/clipboard/-/clipboard-1.7.1.tgz#360d6d6946e99a7a1fef395e42ba92b5e9b5a16b"
  dependencies:
    good-listener "^1.2.2"
    select "^1.1.2"
    tiny-emitter "^2.0.0"

delegate@^3.1.2:
  version "3.2.0"
  resolved "https://registry.yarnpkg.com/delegate/-/delegate-3.2.0.tgz#b66b71c3158522e8ab5744f720d8ca0c2af59166"

good-listener@^1.2.2:
  version "1.2.2"
  resolved "https://registry.yarnpkg.com/good-listener/-/good-listener-1.2.2.tgz#d53b30cdf9313dffb7dc9a0d477096aa6d145c50"
  dependencies:
    delegate "^3.1.2"

marked@~0.3.9:
  version "0.3.16"
  resolved "https://registry.yarnpkg.com/marked/-/marked-0.3.16.tgz#2f188b7dfcfa6540fe9940adaf0f3b791c9a5cba"

prismjs@^1.11.0:
  version "1.11.0"
  resolved "https://registry.yarnpkg.com/prismjs/-/prismjs-1.11.0.tgz#297aef33eb79421bfdb19273a5092ca515970d29"
  optionalDependencies:
    clipboard "^1.7.1"

select@^1.1.2:
  version "1.1.2"
  resolved "https://registry.yarnpkg.com/select/-/select-1.1.2.tgz#0e7350acdec80b1108528786ec1d4418d11b396d"

tiny-emitter@^2.0.0:
  version "2.0.2"
  resolved "https://registry.yarnpkg.com/tiny-emitter/-/tiny-emitter-2.0.2.tgz#82d27468aca5ade8e5fd1e6d22b57dd43ebdfb7c"
